// !$*UTF8*$!
{
	archiveVersion = 1;
	classes = {
	};
	objectVersion = 50;
	objects = {

/* Begin PBXBuildFile section */
		CF3DCB7826B0A597006146AC /* AppDelegate.swift in Sources */ = {isa = PBXBuildFile; fileRef = CF3DCB7726B0A597006146AC /* AppDelegate.swift */; };
		CF3DCB7A26B0A597006146AC /* SceneDelegate.swift in Sources */ = {isa = PBXBuildFile; fileRef = CF3DCB7926B0A597006146AC /* SceneDelegate.swift */; };
		CF3DCB7C26B0A597006146AC /* ViewController.swift in Sources */ = {isa = PBXBuildFile; fileRef = CF3DCB7B26B0A597006146AC /* ViewController.swift */; };
		CF3DCB7F26B0A597006146AC /* Main.storyboard in Resources */ = {isa = PBXBuildFile; fileRef = CF3DCB7D26B0A597006146AC /* Main.storyboard */; };
		CF3DCB8126B0A59B006146AC /* Assets.xcassets in Resources */ = {isa = PBXBuildFile; fileRef = CF3DCB8026B0A59B006146AC /* Assets.xcassets */; };
		CF3DCB8426B0A59B006146AC /* LaunchScreen.storyboard in Resources */ = {isa = PBXBuildFile; fileRef = CF3DCB8226B0A59B006146AC /* LaunchScreen.storyboard */; };
		CF3DCB8F26B0A646006146AC /* Presenter.swift in Sources */ = {isa = PBXBuildFile; fileRef = CF3DCB8E26B0A646006146AC /* Presenter.swift */; };
		CF3DCB9126B11B95006146AC /* GitHubhguremon.swift in Sources */ = {isa = PBXBuildFile; fileRef = CF3DCB9026B11B95006146AC /* GitHubhguremon.swift */; };
/* End PBXBuildFile section */

/* Begin PBXFileReference section */
		CF3DCB7426B0A597006146AC /* APIURLSessionMVP.app */ = {isa = PBXFileReference; explicitFileType = wrapper.application; includeInIndex = 0; path = APIURLSessionMVP.app; sourceTree = BUILT_PRODUCTS_DIR; };
		CF3DCB7726B0A597006146AC /* AppDelegate.swift */ = {isa = PBXFileReference; lastKnownFileType = sourcecode.swift; path = AppDelegate.swift; sourceTree = "<group>"; };
		CF3DCB7926B0A597006146AC /* SceneDelegate.swift */ = {isa = PBXFileReference; lastKnownFileType = sourcecode.swift; path = SceneDelegate.swift; sourceTree = "<group>"; };
		CF3DCB7B26B0A597006146AC /* ViewController.swift */ = {isa = PBXFileReference; lastKnownFileType = sourcecode.swift; path = ViewController.swift; sourceTree = "<group>"; };
		CF3DCB7E26B0A597006146AC /* Base */ = {isa = PBXFileReference; lastKnownFileType = file.storyboard; name = Base; path = Base.lproj/Main.storyboard; sourceTree = "<group>"; };
		CF3DCB8026B0A59B006146AC /* Assets.xcassets */ = {isa = PBXFileReference; lastKnownFileType = folder.assetcatalog; path = Assets.xcassets; sourceTree = "<group>"; };
		CF3DCB8326B0A59B006146AC /* Base */ = {isa = PBXFileReference; lastKnownFileType = file.storyboard; name = Base; path = Base.lproj/LaunchScreen.storyboard; sourceTree = "<group>"; };
		CF3DCB8526B0A59B006146AC /* Info.plist */ = {isa = PBXFileReference; lastKnownFileType = text.plist.xml; path = Info.plist; sourceTree = "<group>"; };
		CF3DCB8E26B0A646006146AC /* Presenter.swift */ = {isa = PBXFileReference; lastKnownFileType = sourcecode.swift; path = Presenter.swift; sourceTree = "<group>"; };
		CF3DCB9026B11B95006146AC /* GitHubhguremon.swift */ = {isa = PBXFileReference; lastKnownFileType = sourcecode.swift; path = GitHubhguremon.swift; sourceTree = "<group>"; };
/* End PBXFileReference section */

/* Begin PBXFrameworksBuildPhase section */
		CF3DCB7126B0A597006146AC /* Frameworks */ = {
			isa = PBXFrameworksBuildPhase;
			buildActionMask = 2147483647;
			files = (
			);
			runOnlyForDeploymentPostprocessing = 0;
		};
/* End PBXFrameworksBuildPhase section */

/* Begin PBXGroup section */
		CF3DCB6B26B0A597006146AC = {
			isa = PBXGroup;
			children = (
				CF3DCB7626B0A597006146AC /* APIURLSessionMVP */,
				CF3DCB7526B0A597006146AC /* Products */,
			);
			sourceTree = "<group>";
		};
		CF3DCB7526B0A597006146AC /* Products */ = {
			isa = PBXGroup;
			children = (
				CF3DCB7426B0A597006146AC /* APIURLSessionMVP.app */,
			);
			name = Products;
			sourceTree = "<group>";
		};
		CF3DCB7626B0A597006146AC /* APIURLSessionMVP */ = {
			isa = PBXGroup;
			children = (
				CF3DCB7726B0A597006146AC /* AppDelegate.swift */,
				CF3DCB7926B0A597006146AC /* SceneDelegate.swift */,
				CF3DCB8D26B0A5ED006146AC /* Presenter */,
				CF3DCB8B26B0A5A9006146AC /* Model */,
				CF3DCB8C26B0A5C6006146AC /* Views */,
				CF3DCB8026B0A59B006146AC /* Assets.xcassets */,
				CF3DCB8526B0A59B006146AC /* Info.plist */,
			);
			path = APIURLSessionMVP;
			sourceTree = "<group>";
		};
		CF3DCB8B26B0A5A9006146AC /* Model */ = {
			isa = PBXGroup;
			children = (
				CF3DCB9026B11B95006146AC /* GitHubhguremon.swift */,
			);
			path = Model;
			sourceTree = "<group>";
		};
		CF3DCB8C26B0A5C6006146AC /* Views */ = {
			isa = PBXGroup;
			children = (
				CF3DCB7D26B0A597006146AC /* Main.storyboard */,
				CF3DCB8226B0A59B006146AC /* LaunchScreen.storyboard */,
				CF3DCB7B26B0A597006146AC /* ViewController.swift */,
			);
			path = Views;
			sourceTree = "<group>";
		};
		CF3DCB8D26B0A5ED006146AC /* Presenter */ = {
			isa = PBXGroup;
			children = (
				CF3DCB8E26B0A646006146AC /* Presenter.swift */,
			);
			path = Presenter;
			sourceTree = "<group>";
		};
/* End PBXGroup section */

/* Begin PBXNativeTarget section */
		CF3DCB7326B0A597006146AC /* APIURLSessionMVP */ = {
			isa = PBXNativeTarget;
			buildConfigurationList = CF3DCB8826B0A59B006146AC /* Build configuration list for PBXNativeTarget "APIURLSessionMVP" */;
			buildPhases = (
				CF3DCB7026B0A597006146AC /* Sources */,
				CF3DCB7126B0A597006146AC /* Frameworks */,
				CF3DCB7226B0A597006146AC /* Resources */,
			);
			buildRules = (
			);
			dependencies = (
			);
			name = APIURLSessionMVP;
			productName = APIURLSessionMVP;
			productReference = CF3DCB7426B0A597006146AC /* APIURLSessionMVP.app */;
			productType = "com.apple.product-type.application";
		};
/* End PBXNativeTarget section */

/* Begin PBXProject section */
		CF3DCB6C26B0A597006146AC /* Project object */ = {
			isa = PBXProject;
			attributes = {
				LastSwiftUpdateCheck = 1250;
				LastUpgradeCheck = 1250;
				TargetAttributes = {
					CF3DCB7326B0A597006146AC = {
						CreatedOnToolsVersion = 12.5;
					};
				};
			};
			buildConfigurationList = CF3DCB6F26B0A597006146AC /* Build configuration list for PBXProject "APIURLSessionMVP" */;
			compatibilityVersion = "Xcode 9.3";
			developmentRegion = en;
			hasScannedForEncodings = 0;
			knownRegions = (
				en,
				Base,
			);
			mainGroup = CF3DCB6B26B0A597006146AC;
			productRefGroup = CF3DCB7526B0A597006146AC /* Products */;
			projectDirPath = "";
			projectRoot = "";
			targets = (
				CF3DCB7326B0A597006146AC /* APIURLSessionMVP */,
			);
		};
/* End PBXProject section */

/* Begin PBXResourcesBuildPhase section */
		CF3DCB7226B0A597006146AC /* Resources */ = {
			isa = PBXResourcesBuildPhase;
			buildActionMask = 2147483647;
			files = (
				CF3DCB8426B0A59B006146AC /* LaunchScreen.storyboard in Resources */,
				CF3DCB8126B0A59B006146AC /* Assets.xcassets in Resources */,
				CF3DCB7F26B0A597006146AC /* Main.storyboard in Resources */,
			);
			runOnlyForDeploymentPostprocessing = 0;
		};
/* End PBXResourcesBuildPhase section */

/* Begin PBXSourcesBuildPhase section */
		CF3DCB7026B0A597006146AC /* Sources */ = {
			isa = PBXSourcesBuildPhase;
			buildActionMask = 2147483647;
			files = (
				CF3DCB7C26B0A597006146AC /* ViewController.swift in Sources */,
				CF3DCB7826B0A597006146AC /* AppDelegate.swift in Sources */,
				CF3DCB8F26B0A646006146AC /* Presenter.swift in Sources */,
				CF3DCB7A26B0A597006146AC /* SceneDelegate.swift in Sources */,
				CF3DCB9126B11B95006146AC /* GitHubhguremon.swift in Sources */,
			);
			runOnlyForDeploymentPostprocessing = 0;
		};
/* End PBXSourcesBuildPhase section */

/* Begin PBXVariantGroup section */
		CF3DCB7D26B0A597006146AC /* Main.storyboard */ = {
			isa = PBXVariantGroup;
			children = (
				CF3DCB7E26B0A597006146AC /* Base */,
			);
			name = Main.storyboard;
			sourceTree = "<group>";
		};
		CF3DCB8226B0A59B006146AC /* LaunchScreen.storyboard */ = {
			isa = PBXVariantGroup;
			children = (
				CF3DCB8326B0A59B006146AC /* Base */,
			);
			name = LaunchScreen.storyboard;
			sourceTree = "<group>";
		};
/* End PBXVariantGroup section */

/* Begin XCBuildConfiguration section */
		CF3DCB8626B0A59B006146AC /* Debug */ = {
			isa = XCBuildConfiguration;
			buildSettings = {
				ALWAYS_SEARCH_USER_PATHS = NO;
				CLANG_ANALYZER_NONNULL = YES;
				CLANG_ANALYZER_NUMBER_OBJECT_CONVERSION = YES_AGGRESSIVE;
				CLANG_CXX_LANGUAGE_STANDARD = "gnu++14";
				CLANG_CXX_LIBRARY = "libc++";
				CLANG_ENABLE_MODULES = YES;
				CLANG_ENABLE_OBJC_ARC = YES;
				CLANG_ENABLE_OBJC_WEAK = YES;
				CLANG_WARN_BLOCK_CAPTURE_AUTORELEASING = YES;
				CLANG_WARN_BOOL_CONVERSION = YES;
				CLANG_WARN_COMMA = YES;
				CLANG_WARN_CONSTANT_CONVERSION = YES;
				CLANG_WARN_DEPRECATED_OBJC_IMPLEMENTATIONS = YES;
				CLANG_WARN_DIRECT_OBJC_ISA_USAGE = YES_ERROR;
				CLANG_WARN_DOCUMENTATION_COMMENTS = YES;
				CLANG_WARN_EMPTY_BODY = YES;
				CLANG_WARN_ENUM_CONVERSION = YES;
				CLANG_WARN_INFINITE_RECURSION = YES;
				CLANG_WARN_INT_CONVERSION = YES;
				CLANG_WARN_NON_LITERAL_NULL_CONVERSION = YES;
				CLANG_WARN_OBJC_IMPLICIT_RETAIN_SELF = YES;
				CLANG_WARN_OBJC_LITERAL_CONVERSION = YES;
				CLANG_WARN_OBJC_ROOT_CLASS = YES_ERROR;
				CLANG_WARN_QUOTED_INCLUDE_IN_FRAMEWORK_HEADER = YES;
				CLANG_WARN_RANGE_LOOP_ANALYSIS = YES;
				CLANG_WARN_STRICT_PROTOTYPES = YES;
				CLANG_WARN_SUSPICIOUS_MOVE = YES;
				CLANG_WARN_UNGUARDED_AVAILABILITY = YES_AGGRESSIVE;
				CLANG_WARN_UNREACHABLE_CODE = YES;
				CLANG_WARN__DUPLICATE_METHOD_MATCH = YES;
				COPY_PHASE_STRIP = NO;
				DEBUG_INFORMATION_FORMAT = dwarf;
				ENABLE_STRICT_OBJC_MSGSEND = YES;
				ENABLE_TESTABILITY = YES;
				GCC_C_LANGUAGE_STANDARD = gnu11;
				GCC_DYNAMIC_NO_PIC = NO;
				GCC_NO_COMMON_BLOCKS = YES;
				GCC_OPTIMIZATION_LEVEL = 0;
				GCC_PREPROCESSOR_DEFINITIONS = (
					"DEBUG=1",
					"$(inherited)",
				);
				GCC_WARN_64_TO_32_BIT_CONVERSION = YES;
				GCC_WARN_ABOUT_RETURN_TYPE = YES_ERROR;
				GCC_WARN_UNDECLARED_SELECTOR = YES;
				GCC_WARN_UNINITIALIZED_AUTOS = YES_AGGRESSIVE;
				GCC_WARN_UNUSED_FUNCTION = YES;
				GCC_WARN_UNUSED_VARIABLE = YES;
				IPHONEOS_DEPLOYMENT_TARGET = 14.5;
				MTL_ENABLE_DEBUG_INFO = INCLUDE_SOURCE;
				MTL_FAST_MATH = YES;
				ONLY_ACTIVE_ARCH = YES;
				SDKROOT = iphoneos;
				SWIFT_ACTIVE_COMPILATION_CONDITIONS = DEBUG;
				SWIFT_OPTIMIZATION_LEVEL = "-Onone";
			};
			name = Debug;
		};
		CF3DCB8726B0A59B006146AC /* Release */ = {
			isa = XCBuildConfiguration;
			buildSettings = {
				ALWAYS_SEARCH_USER_PATHS = NO;
				CLANG_ANALYZER_NONNULL = YES;
				CLANG_ANALYZER_NUMBER_OBJECT_CONVERSION = YES_AGGRESSIVE;
				CLANG_CXX_LANGUAGE_STANDARD = "gnu++14";
				CLANG_CXX_LIBRARY = "libc++";
				CLANG_ENABLE_MODULES = YES;
				CLANG_ENABLE_OBJC_ARC = YES;
				CLANG_ENABLE_OBJC_WEAK = YES;
				CLANG_WARN_BLOCK_CAPTURE_AUTORELEASING = YES;
				CLANG_WARN_BOOL_CONVERSION = YES;
				CLANG_WARN_COMMA = YES;
				CLANG_WARN_CONSTANT_CONVERSION = YES;
				CLANG_WARN_DEPRECATED_OBJC_IMPLEMENTATIONS = YES;
				CLANG_WARN_DIRECT_OBJC_ISA_USAGE = YES_ERROR;
				CLANG_WARN_DOCUMENTATION_COMMENTS = YES;
				CLANG_WARN_EMPTY_BODY = YES;
				CLANG_WARN_ENUM_CONVERSION = YES;
				CLANG_WARN_INFINITE_RECURSION = YES;
				CLANG_WARN_INT_CONVERSION = YES;
				CLANG_WARN_NON_LITERAL_NULL_CONVERSION = YES;
				CLANG_WARN_OBJC_IMPLICIT_RETAIN_SELF = YES;
				CLANG_WARN_OBJC_LITERAL_CONVERSION = YES;
				CLANG_WARN_OBJC_ROOT_CLASS = YES_ERROR;
				CLANG_WARN_QUOTED_INCLUDE_IN_FRAMEWORK_HEADER = YES;
				CLANG_WARN_RANGE_LOOP_ANALYSIS = YES;
				CLANG_WARN_STRICT_PROTOTYPES = YES;
				CLANG_WARN_SUSPICIOUS_MOVE = YES;
				CLANG_WARN_UNGUARDED_AVAILABILITY = YES_AGGRESSIVE;
				CLANG_WARN_UNREACHABLE_CODE = YES;
				CLANG_WARN__DUPLICATE_METHOD_MATCH = YES;
				COPY_PHASE_STRIP = NO;
				DEBUG_INFORMATION_FORMAT = "dwarf-with-dsym";
				ENABLE_NS_ASSERTIONS = NO;
				ENABLE_STRICT_OBJC_MSGSEND = YES;
				GCC_C_LANGUAGE_STANDARD = gnu11;
				GCC_NO_COMMON_BLOCKS = YES;
				GCC_WARN_64_TO_32_BIT_CONVERSION = YES;
				GCC_WARN_ABOUT_RETURN_TYPE = YES_ERROR;
				GCC_WARN_UNDECLARED_SELECTOR = YES;
				GCC_WARN_UNINITIALIZED_AUTOS = YES_AGGRESSIVE;
				GCC_WARN_UNUSED_FUNCTION = YES;
				GCC_WARN_UNUSED_VARIABLE = YES;
				IPHONEOS_DEPLOYMENT_TARGET = 14.5;
				MTL_ENABLE_DEBUG_INFO = NO;
				MTL_FAST_MATH = YES;
				SDKROOT = iphoneos;
				SWIFT_COMPILATION_MODE = wholemodule;
				SWIFT_OPTIMIZATION_LEVEL = "-O";
				VALIDATE_PRODUCT = YES;
			};
			name = Release;
		};
		CF3DCB8926B0A59B006146AC /* Debug */ = {
			isa = XCBuildConfiguration;
			buildSettings = {
				ASSETCATALOG_COMPILER_APPICON_NAME = AppIcon;
				ASSETCATALOG_COMPILER_GLOBAL_ACCENT_COLOR_NAME = AccentColor;
				CODE_SIGN_STYLE = Automatic;
				DEVELOPMENT_TEAM = XS2R7967QT;
				INFOPLIST_FILE = APIURLSessionMVP/Info.plist;
				LD_RUNPATH_SEARCH_PATHS = (
					"$(inherited)",
					"@executable_path/Frameworks",
				);
				PRODUCT_BUNDLE_IDENTIFIER = cow.iwaski.APIURLSessionMVP;
				PRODUCT_NAME = "$(TARGET_NAME)";
				SWIFT_VERSION = 5.0;
				TARGETED_DEVICE_FAMILY = "1,2";
			};
			name = Debug;
		};
		CF3DCB8A26B0A59B006146AC /* Release */ = {
			isa = XCBuildConfiguration;
			buildSettings = {
				ASSETCATALOG_COMPILER_APPICON_NAME = AppIcon;
				ASSETCATALOG_COMPILER_GLOBAL_ACCENT_COLOR_NAME = AccentColor;
				CODE_SIGN_STYLE = Automatic;
				DEVELOPMENT_TEAM = XS2R7967QT;
				INFOPLIST_FILE = APIURLSessionMVP/Info.plist;
				LD_RUNPATH_SEARCH_PATHS = (
					"$(inherited)",
					"@executable_path/Frameworks",
				);
				PRODUCT_BUNDLE_IDENTIFIER = cow.iwaski.APIURLSessionMVP;
				PRODUCT_NAME = "$(TARGET_NAME)";
				SWIFT_VERSION = 5.0;
				TARGETED_DEVICE_FAMILY = "1,2";
			};
			name = Release;
		};
/* End XCBuildConfiguration section */

/* Begin XCConfigurationList section */
		CF3DCB6F26B0A597006146AC /* Build configuration list for PBXProject "APIURLSessionMVP" */ = {
			isa = XCConfigurationList;
			buildConfigurations = (
				CF3DCB8626B0A59B006146AC /* Debug */,
				CF3DCB8726B0A59B006146AC /* Release */,
			);
			defaultConfigurationIsVisible = 0;
			defaultConfigurationName = Release;
		};
		CF3DCB8826B0A59B006146AC /* Build configuration list for PBXNativeTarget "APIURLSessionMVP" */ = {
			isa = XCConfigurationList;
			buildConfigurations = (
				CF3DCB8926B0A59B006146AC /* Debug */,
				CF3DCB8A26B0A59B006146AC /* Release */,
			);
			defaultConfigurationIsVisible = 0;
			defaultConfigurationName = Release;
		};
/* End XCConfigurationList section */
	};
	rootObject = CF3DCB6C26B0A597006146AC /* Project object */;
}
